lockfileVersion: 5.3

specifiers:
  vite-plugin-fonts: ^0.2.2

devDependencies:
  vite-plugin-fonts: 0.2.2

packages:

  /vite-plugin-fonts/0.2.2:
    resolution: {integrity: sha512-fhzhsrTiuzlDjSO6g5sV5EVIIvbb8lmsaIY6eUTBM4lcF55x40UBpHrcyvNwIhQG211g0lu83XC7oZlkmvdkMA==}
    peerDependencies:
      vite: ^2.0.0
    dev: true
